// !$*UTF8*$!
{
	archiveVersion = 1;
	classes = {
	};
	objectVersion = 46;
	objects = {

/* Begin PBXBuildFile section */
		44BF23AF1CB4AB350043D8DD /* main.m in Sources */ = {isa = PBXBuildFile; fileRef = 44BF23AE1CB4AB350043D8DD /* main.m */; };
		44BF23B61CB4AC160043D8DD /* AppController.m in Sources */ = {isa = PBXBuildFile; fileRef = 44BF23B51CB4AC160043D8DD /* AppController.m */; };
		44BF23BD1CB60C110043D8DD /* JsonConfiguration.m in Sources */ = {isa = PBXBuildFile; fileRef = 44BF23BC1CB60C110043D8DD /* JsonConfiguration.m */; };
		44C8F1EE1CBDB0F800805B5D /* OrderedDictionary.m in Sources */ = {isa = PBXBuildFile; fileRef = 44C8F1ED1CBDB0F800805B5D /* OrderedDictionary.m */; };
/* End PBXBuildFile section */

/* Begin PBXCopyFilesBuildPhase section */
		44BF23A91CB4AB350043D8DD /* CopyFiles */ = {
			isa = PBXCopyFilesBuildPhase;
			buildActionMask = 2147483647;
			dstPath = /usr/share/man/man1/;
			dstSubfolderSpec = 0;
			files = (
			);
			runOnlyForDeploymentPostprocessing = 1;
		};
/* End PBXCopyFilesBuildPhase section */

/* Begin PBXFileReference section */
		44BF23AB1CB4AB350043D8DD /* jsonscan */ = {isa = PBXFileReference; explicitFileType = "compiled.mach-o.executable"; includeInIndex = 0; path = jsonscan; sourceTree = BUILT_PRODUCTS_DIR; };
		44BF23AE1CB4AB350043D8DD /* main.m */ = {isa = PBXFileReference; lastKnownFileType = sourcecode.c.objc; path = main.m; sourceTree = "<group>"; };
		44BF23B51CB4AC160043D8DD /* AppController.m */ = {isa = PBXFileReference; fileEncoding = 4; lastKnownFileType = sourcecode.c.objc; path = AppController.m; sourceTree = "<group>"; };
		44BF23B71CB4AC3C0043D8DD /* AppController.h */ = {isa = PBXFileReference; fileEncoding = 4; lastKnownFileType = sourcecode.c.h; path = AppController.h; sourceTree = "<group>"; };
		44BF23B81CB4DA690043D8DD /* README.md */ = {isa = PBXFileReference; fileEncoding = 4; lastKnownFileType = net.daringfireball.markdown; path = README.md; sourceTree = "<group>"; };
		44BF23BA1CB4DD690043D8DD /* LICENSE */ = {isa = PBXFileReference; fileEncoding = 4; lastKnownFileType = text; path = LICENSE; sourceTree = "<group>"; };
		44BF23BB1CB60B950043D8DD /* JsonConfiguration.h */ = {isa = PBXFileReference; lastKnownFileType = sourcecode.c.h; path = JsonConfiguration.h; sourceTree = "<group>"; };
		44BF23BC1CB60C110043D8DD /* JsonConfiguration.m */ = {isa = PBXFileReference; fileEncoding = 4; lastKnownFileType = sourcecode.c.objc; path = JsonConfiguration.m; sourceTree = "<group>"; };
		44C8F1EC1CBDB0F800805B5D /* OrderedDictionary.h */ = {isa = PBXFileReference; fileEncoding = 4; lastKnownFileType = sourcecode.c.h; path = OrderedDictionary.h; sourceTree = "<group>"; };
		44C8F1ED1CBDB0F800805B5D /* OrderedDictionary.m */ = {isa = PBXFileReference; fileEncoding = 4; lastKnownFileType = sourcecode.c.objc; path = OrderedDictionary.m; sourceTree = "<group>"; };
/* End PBXFileReference section */

/* Begin PBXFrameworksBuildPhase section */
		44BF23A81CB4AB350043D8DD /* Frameworks */ = {
			isa = PBXFrameworksBuildPhase;
			buildActionMask = 2147483647;
			files = (
			);
			runOnlyForDeploymentPostprocessing = 0;
		};
/* End PBXFrameworksBuildPhase section */

/* Begin PBXGroup section */
		44BF23A21CB4AB350043D8DD = {
			isa = PBXGroup;
			children = (
				44BF23B81CB4DA690043D8DD /* README.md */,
				44BF23AD1CB4AB350043D8DD /* jsonscan */,
				44BF23AC1CB4AB350043D8DD /* Products */,
				44BF23BA1CB4DD690043D8DD /* LICENSE */,
			);
			sourceTree = "<group>";
		};
		44BF23AC1CB4AB350043D8DD /* Products */ = {
			isa = PBXGroup;
			children = (
				44BF23AB1CB4AB350043D8DD /* jsonscan */,
			);
			name = Products;
			sourceTree = "<group>";
		};
		44BF23AD1CB4AB350043D8DD /* jsonscan */ = {
			isa = PBXGroup;
			children = (
				44C8F1EC1CBDB0F800805B5D /* OrderedDictionary.h */,
				44C8F1ED1CBDB0F800805B5D /* OrderedDictionary.m */,
				44BF23B71CB4AC3C0043D8DD /* AppController.h */,
				44BF23AE1CB4AB350043D8DD /* main.m */,
				44BF23B51CB4AC160043D8DD /* AppController.m */,
				44BF23BB1CB60B950043D8DD /* JsonConfiguration.h */,
				44BF23BC1CB60C110043D8DD /* JsonConfiguration.m */,
			);
			path = jsonscan;
			sourceTree = "<group>";
		};
/* End PBXGroup section */

/* Begin PBXNativeTarget section */
		44BF23AA1CB4AB350043D8DD /* jsonscan */ = {
			isa = PBXNativeTarget;
			buildConfigurationList = 44BF23B21CB4AB350043D8DD /* Build configuration list for PBXNativeTarget "jsonscan" */;
			buildPhases = (
				44BF23A71CB4AB350043D8DD /* Sources */,
				44BF23A81CB4AB350043D8DD /* Frameworks */,
				44BF23A91CB4AB350043D8DD /* CopyFiles */,
			);
			buildRules = (
			);
			dependencies = (
			);
			name = jsonscan;
			productName = jsonscan;
			productReference = 44BF23AB1CB4AB350043D8DD /* jsonscan */;
			productType = "com.apple.product-type.tool";
		};
/* End PBXNativeTarget section */

/* Begin PBXProject section */
		44BF23A31CB4AB350043D8DD /* Project object */ = {
			isa = PBXProject;
			attributes = {
				LastUpgradeCheck = 0730;
				ORGANIZATIONNAME = FormReturn;
				TargetAttributes = {
					44BF23AA1CB4AB350043D8DD = {
						CreatedOnToolsVersion = 7.3;
					};
				};
			};
			buildConfigurationList = 44BF23A61CB4AB350043D8DD /* Build configuration list for PBXProject "jsonscan" */;
			compatibilityVersion = "Xcode 3.2";
			developmentRegion = English;
			hasScannedForEncodings = 0;
			knownRegions = (
				en,
			);
			mainGroup = 44BF23A21CB4AB350043D8DD;
			productRefGroup = 44BF23AC1CB4AB350043D8DD /* Products */;
			projectDirPath = "";
			projectRoot = "";
			targets = (
				44BF23AA1CB4AB350043D8DD /* jsonscan */,
			);
		};
/* End PBXProject section */

/* Begin PBXSourcesBuildPhase section */
		44BF23A71CB4AB350043D8DD /* Sources */ = {
			isa = PBXSourcesBuildPhase;
			buildActionMask = 2147483647;
			files = (
				44BF23BD1CB60C110043D8DD /* JsonConfiguration.m in Sources */,
				44C8F1EE1CBDB0F800805B5D /* OrderedDictionary.m in Sources */,
				44BF23AF1CB4AB350043D8DD /* main.m in Sources */,
				44BF23B61CB4AC160043D8DD /* AppController.m in Sources */,
			);
			runOnlyForDeploymentPostprocessing = 0;
		};
/* End PBXSourcesBuildPhase section */

/* Begin XCBuildConfiguration section */
		44BF23B01CB4AB350043D8DD /* Debug */ = {
			isa = XCBuildConfiguration;
			buildSettings = {
				ALWAYS_SEARCH_USER_PATHS = NO;
				CLANG_ANALYZER_NONNULL = YES;
				CLANG_CXX_LANGUAGE_STANDARD = "gnu++0x";
				CLANG_CXX_LIBRARY = "libc++";
				CLANG_ENABLE_MODULES = YES;
				CLANG_ENABLE_OBJC_ARC = YES;
				CLANG_WARN_BOOL_CONVERSION = YES;
				CLANG_WARN_CONSTANT_CONVERSION = YES;
				CLANG_WARN_DIRECT_OBJC_ISA_USAGE = YES_ERROR;
				CLANG_WARN_EMPTY_BODY = YES;
				CLANG_WARN_ENUM_CONVERSION = YES;
				CLANG_WARN_INT_CONVERSION = YES;
				CLANG_WARN_OBJC_ROOT_CLASS = YES_ERROR;
				CLANG_WARN_UNREACHABLE_CODE = YES;
				CLANG_WARN__DUPLICATE_METHOD_MATCH = YES;
				CODE_SIGN_IDENTITY = "-";
				COPY_PHASE_STRIP = NO;
				DEBUG_INFORMATION_FORMAT = dwarf;
				ENABLE_STRICT_OBJC_MSGSEND = YES;
				ENABLE_TESTABILITY = YES;
				GCC_C_LANGUAGE_STANDARD = gnu99;
				GCC_DYNAMIC_NO_PIC = NO;
				GCC_NO_COMMON_BLOCKS = YES;
				GCC_OPTIMIZATION_LEVEL = 0;
				GCC_PREPROCESSOR_DEFINITIONS = (
					"DEBUG=1",
					"$(inherited)",
				);
				GCC_WARN_64_TO_32_BIT_CONVERSION = YES;
				GCC_WARN_ABOUT_RETURN_TYPE = YES_ERROR;
				GCC_WARN_UNDECLARED_SELECTOR = YES;
				GCC_WARN_UNINITIALIZED_AUTOS = YES_AGGRESSIVE;
				GCC_WARN_UNUSED_FUNCTION = YES;
				GCC_WARN_UNUSED_VARIABLE = YES;
				MACOSX_DEPLOYMENT_TARGET = 10.7;
				MTL_ENABLE_DEBUG_INFO = YES;
				ONLY_ACTIVE_ARCH = YES;
				SDKROOT = macosx;
			};
			name = Debug;
		};
		44BF23B11CB4AB350043D8DD /* Release */ = {
			isa = XCBuildConfiguration;
			buildSettings = {
				ALWAYS_SEARCH_USER_PATHS = NO;
				CLANG_ANALYZER_NONNULL = YES;
				CLANG_CXX_LANGUAGE_STANDARD = "gnu++0x";
				CLANG_CXX_LIBRARY = "libc++";
				CLANG_ENABLE_MODULES = YES;
				CLANG_ENABLE_OBJC_ARC = YES;
				CLANG_WARN_BOOL_CONVERSION = YES;
				CLANG_WARN_CONSTANT_CONVERSION = YES;
				CLANG_WARN_DIRECT_OBJC_ISA_USAGE = YES_ERROR;
				CLANG_WARN_EMPTY_BODY = YES;
				CLANG_WARN_ENUM_CONVERSION = YES;
				CLANG_WARN_INT_CONVERSION = YES;
				CLANG_WARN_OBJC_ROOT_CLASS = YES_ERROR;
				CLANG_WARN_UNREACHABLE_CODE = YES;
				CLANG_WARN__DUPLICATE_METHOD_MATCH = YES;
				CODE_SIGN_IDENTITY = "-";
				COPY_PHASE_STRIP = NO;
				DEBUG_INFORMATION_FORMAT = "dwarf-with-dsym";
				ENABLE_NS_ASSERTIONS = NO;
				ENABLE_STRICT_OBJC_MSGSEND = YES;
				GCC_C_LANGUAGE_STANDARD = gnu99;
				GCC_NO_COMMON_BLOCKS = YES;
				GCC_WARN_64_TO_32_BIT_CONVERSION = YES;
				GCC_WARN_ABOUT_RETURN_TYPE = YES_ERROR;
				GCC_WARN_UNDECLARED_SELECTOR = YES;
				GCC_WARN_UNINITIALIZED_AUTOS = YES_AGGRESSIVE;
				GCC_WARN_UNUSED_FUNCTION = YES;
				GCC_WARN_UNUSED_VARIABLE = YES;
				MACOSX_DEPLOYMENT_TARGET = 10.7;
				MTL_ENABLE_DEBUG_INFO = NO;
				SDKROOT = macosx;
			};
			name = Release;
		};
		44BF23B31CB4AB350043D8DD /* Debug */ = {
			isa = XCBuildConfiguration;
			buildSettings = {
				PRODUCT_NAME = "$(TARGET_NAME)";
			};
			name = Debug;
		};
		44BF23B41CB4AB350043D8DD /* Release */ = {
			isa = XCBuildConfiguration;
			buildSettings = {
				PRODUCT_NAME = "$(TARGET_NAME)";
			};
			name = Release;
		};
/* End XCBuildConfiguration section */

/* Begin XCConfigurationList section */
		44BF23A61CB4AB350043D8DD /* Build configuration list for PBXProject "jsonscan" */ = {
			isa = XCConfigurationList;
			buildConfigurations = (
				44BF23B01CB4AB350043D8DD /* Debug */,
				44BF23B11CB4AB350043D8DD /* Release */,
			);
			defaultConfigurationIsVisible = 0;
			defaultConfigurationName = Release;
		};
		44BF23B21CB4AB350043D8DD /* Build configuration list for PBXNativeTarget "jsonscan" */ = {
			isa = XCConfigurationList;
			buildConfigurations = (
				44BF23B31CB4AB350043D8DD /* Debug */,
				44BF23B41CB4AB350043D8DD /* Release */,
			);
			defaultConfigurationIsVisible = 0;
			defaultConfigurationName = Release;
		};
/* End XCConfigurationList section */
	};
	rootObject = 44BF23A31CB4AB350043D8DD /* Project object */;
}
